<?xml version="1.0" encoding="utf-8"?>
<Project ToolsVersion="4.0" xmlns="http://schemas.microsoft.com/developer/msbuild/2003">
  <ItemGroup>
    <Filter Include="源文件">
      <UniqueIdentifier>{4FC737F1-C7A5-4376-A066-2A32D752A2FF}</UniqueIdentifier>
      <Extensions>cpp;c;cc;cxx;def;odl;idl;hpj;bat;asm;asmx</Extensions>
    </Filter>
    <Filter Include="头文件">
      <UniqueIdentifier>{93995380-89BD-4b04-88EB-625FBE52EBFB}</UniqueIdentifier>
      <Extensions>h;hh;hpp;hxx;hm;inl;inc;xsd</Extensions>
    </Filter>
    <Filter Include="资源文件">
      <UniqueIdentifier>{67DA6AB6-F800-4c08-8B7A-83BB121AAD01}</UniqueIdentifier>
      <Extensions>rc;ico;cur;bmp;dlg;rc2;rct;bin;rgs;gif;jpg;jpeg;jpe;resx;tiff;tif;png;wav;mfcribbon-ms</Extensions>
    </Filter>
  </ItemGroup>
  <ItemGroup>
    <ClInclude Include="..\..\include\IO\MultiResolutionImageInterface\AperioSVSWriter.h">
      <Filter>头文件</Filter>
    </ClInclude>
    <ClInclude Include="..\..\include\IO\MultiResolutionImageInterface\jpeg_mem_src.h">
      <Filter>头文件</Filter>
    </ClInclude>
    <ClInclude Include="..\..\include\IO\MultiResolutionImageInterface\JPEG2000Codec.h">
      <Filter>头文件</Filter>
    </ClInclude>
    <ClInclude Include="..\..\include\IO\MultiResolutionImageInterface\LIFImage.h">
      <Filter>头文件</Filter>
    </ClInclude>
    <ClInclude Include="..\..\include\IO\MultiResolutionImageInterface\LIFImageFactory.h">
      <Filter>头文件</Filter>
    </ClInclude>
    <ClInclude Include="..\..\include\IO\MultiResolutionImageInterface\MultiResolutionImage.h">
      <Filter>头文件</Filter>
    </ClInclude>
    <ClInclude Include="..\..\include\IO\MultiResolutionImageInterface\MultiResolutionImageFactory.h">
      <Filter>头文件</Filter>
    </ClInclude>
    <ClInclude Include="..\..\include\IO\MultiResolutionImageInterface\multiresolutionimageinterface_export.h">
      <Filter>头文件</Filter>
    </ClInclude>
    <ClInclude Include="..\..\include\IO\MultiResolutionImageInterface\MultiResolutionImageReader.h">
      <Filter>头文件</Filter>
    </ClInclude>
    <ClInclude Include="..\..\include\IO\MultiResolutionImageInterface\MultiResolutionImageWriter.h">
      <Filter>头文件</Filter>
    </ClInclude>
    <ClInclude Include="..\..\include\IO\MultiResolutionImageInterface\TIFFImage.h">
      <Filter>头文件</Filter>
    </ClInclude>
    <ClInclude Include="..\..\include\IO\MultiResolutionImageInterface\TIFFImageFactory.h">
      <Filter>头文件</Filter>
    </ClInclude>
    <ClInclude Include="..\..\include\IO\MultiResolutionImageInterface\TileCache.h">
      <Filter>头文件</Filter>
    </ClInclude>
    <ClInclude Include="..\..\include\IO\MultiResolutionImageInterface\VSIImage.h">
      <Filter>头文件</Filter>
    </ClInclude>
    <ClInclude Include="..\..\include\IO\MultiResolutionImageInterface\VSIImageFactory.h">
      <Filter>头文件</Filter>
    </ClInclude>
    <ClInclude Include="..\..\include\io\multiresolutionimageinterface\KFBImage.h">
      <Filter>头文件</Filter>
    </ClInclude>
    <ClInclude Include="..\..\include\io\multiresolutionimageinterface\KFBImageFactory.h">
      <Filter>头文件</Filter>
    </ClInclude>
    <ClInclude Include="..\..\include\io\multiresolutionimageinterface\KFBParser.h">
      <Filter>头文件</Filter>
    </ClInclude>
  </ItemGroup>
  <ItemGroup>
    <ClCompile Include="AperioSVSWriter.cpp">
      <Filter>源文件</Filter>
    </ClCompile>
    <ClCompile Include="JPEG2000Codec.cpp">
      <Filter>源文件</Filter>
    </ClCompile>
    <ClCompile Include="LIFImage.cpp">
      <Filter>源文件</Filter>
    </ClCompile>
    <ClCompile Include="LIFImageFactory.cpp">
      <Filter>源文件</Filter>
    </ClCompile>
    <ClCompile Include="MultiResolutionImage.cpp">
      <Filter>源文件</Filter>
    </ClCompile>
    <ClCompile Include="MultiResolutionImageFactory.cpp">
      <Filter>源文件</Filter>
    </ClCompile>
    <ClCompile Include="MultiResolutionImageReader.cpp">
      <Filter>源文件</Filter>
    </ClCompile>
    <ClCompile Include="MultiResolutionImageWriter.cpp">
      <Filter>源文件</Filter>
    </ClCompile>
    <ClCompile Include="TIFFImage.cpp">
      <Filter>源文件</Filter>
    </ClCompile>
    <ClCompile Include="TIFFImageFactory.cpp">
      <Filter>源文件</Filter>
    </ClCompile>
    <ClCompile Include="TileCache.cpp">
      <Filter>源文件</Filter>
    </ClCompile>
    <ClCompile Include="VSIImage.cpp">
      <Filter>源文件</Filter>
    </ClCompile>
    <ClCompile Include="VSIImageFactory.cpp">
      <Filter>源文件</Filter>
    </ClCompile>
    <ClCompile Include="KFBImage.cpp">
      <Filter>源文件</Filter>
    </ClCompile>
    <ClCompile Include="KFBImageFactory.cpp">
      <Filter>源文件</Filter>
    </ClCompile>
    <ClCompile Include="KFBParser.cpp">
      <Filter>源文件</Filter>
    </ClCompile>
  </ItemGroup>
</Project>