<?xml version="1.0" encoding="utf-8"?>
<Project ToolsVersion="4.0" xmlns="http://schemas.microsoft.com/developer/msbuild/2003">
  <ItemGroup>
    <Filter Include="Source Files">
      <UniqueIdentifier>{4FC737F1-C7A5-4376-A066-2A32D752A2FF}</UniqueIdentifier>
      <Extensions>cpp;c;cc;cxx;def;odl;idl;hpj;bat;asm;asmx</Extensions>
    </Filter>
    <Filter Include="Header Files">
      <UniqueIdentifier>{93995380-89BD-4b04-88EB-625FBE52EBFB}</UniqueIdentifier>
      <Extensions>h;hh;hpp;hxx;hm;inl;inc;xsd</Extensions>
    </Filter>
    <Filter Include="Resource Files">
      <UniqueIdentifier>{D9D6E242-F8AF-46E4-B9FD-80ECBC20BA3E}</UniqueIdentifier>
      <Extensions>qrc;*</Extensions>
      <ParseFiles>false</ParseFiles>
    </Filter>
    <Filter Include="Resource Files">
      <UniqueIdentifier>{D9D6E242-F8AF-46E4-B9FD-80ECBC20BA3E}</UniqueIdentifier>
      <Extensions>qrc;*</Extensions>
      <ParseFiles>false</ParseFiles>
    </Filter>
    <Filter Include="Generated Files">
      <UniqueIdentifier>{71ED8ED8-ACB9-4CE9-BBE1-E00B30144E11}</UniqueIdentifier>
      <Extensions>moc;h;cpp</Extensions>
      <SourceControlFiles>False</SourceControlFiles>
    </Filter>
    <Filter Include="Generated Files\Debug">
      <UniqueIdentifier>{b7561a3a-d72d-49bf-a4e6-510cd968dba3}</UniqueIdentifier>
      <Extensions>cpp;moc</Extensions>
      <SourceControlFiles>False</SourceControlFiles>
    </Filter>
    <Filter Include="Generated Files\Release">
      <UniqueIdentifier>{65b26718-a717-4bac-bf7c-568f79b2e71f}</UniqueIdentifier>
      <Extensions>cpp;moc</Extensions>
      <SourceControlFiles>False</SourceControlFiles>
    </Filter>
    <Filter Include="Custom">
      <UniqueIdentifier>{66b878b2-7111-4b72-b896-33ae09f1362d}</UniqueIdentifier>
    </Filter>
  </ItemGroup>
  <ItemGroup>
    <CustomBuild Include="MeasurementAnnotationTool.h">
      <Filter>Header Files</Filter>
    </CustomBuild>
    <CustomBuild Include="MeasurementQtAnnotation.h">
      <Filter>Header Files</Filter>
    </CustomBuild>
    <CustomBuild Include="PointSetAnnotationTool.h">
      <Filter>Header Files</Filter>
    </CustomBuild>
    <CustomBuild Include="PointSetQtAnnotation.h">
      <Filter>Header Files</Filter>
    </CustomBuild>
    <CustomBuild Include="PolyAnnotationTool.h">
      <Filter>Header Files</Filter>
    </CustomBuild>
    <CustomBuild Include="PolyQtAnnotation.h">
      <Filter>Header Files</Filter>
    </CustomBuild>
    <CustomBuild Include="QtAnnotation.h">
      <Filter>Header Files</Filter>
    </CustomBuild>
    <CustomBuild Include="QtAnnotationGroup.h">
      <Filter>Header Files</Filter>
    </CustomBuild>
    <CustomBuild Include="SplineAnnotationTool.h">
      <Filter>Header Files</Filter>
    </CustomBuild>
    <CustomBuild Include="AnnotationTool.h">
      <Filter>Header Files</Filter>
    </CustomBuild>
    <CustomBuild Include="AnnotationWorkstationExtensionPlugin.h">
      <Filter>Header Files</Filter>
    </CustomBuild>
    <CustomBuild Include="DotAnnotationTool.h">
      <Filter>Header Files</Filter>
    </CustomBuild>
    <CustomBuild Include="DotQtAnnotation.h">
      <Filter>Header Files</Filter>
    </CustomBuild>
    <CustomBuild Include="Resources\AnnotationWorkstationExtensionPlugin_resources.qrc">
      <Filter>Resource Files</Filter>
    </CustomBuild>
    <CustomBuild Include="RectangleQtAnnotation.h">
      <Filter>Header Files</Filter>
    </CustomBuild>
    <CustomBuild Include="RectangleAnnotationTool.h">
      <Filter>Header Files</Filter>
    </CustomBuild>
    <CustomBuild Include="Resources\AnnotationDockWidget_RuiJin.ui">
      <Filter>Resource Files</Filter>
    </CustomBuild>
    <CustomBuild Include="Resources\AnnotationDockWidget_ShanghaiNo1.ui">
      <Filter>Resource Files</Filter>
    </CustomBuild>
  </ItemGroup>
  <ItemGroup>
    <ClCompile Include="GeneratedFiles\Debug\moc_MeasurementAnnotationTool.cpp">
      <Filter>Generated Files\Debug</Filter>
    </ClCompile>
    <ClCompile Include="GeneratedFiles\Release\moc_MeasurementAnnotationTool.cpp">
      <Filter>Generated Files\Release</Filter>
    </ClCompile>
    <ClCompile Include="GeneratedFiles\Debug\moc_MeasurementQtAnnotation.cpp">
      <Filter>Generated Files\Debug</Filter>
    </ClCompile>
    <ClCompile Include="GeneratedFiles\Release\moc_MeasurementQtAnnotation.cpp">
      <Filter>Generated Files\Release</Filter>
    </ClCompile>
    <ClCompile Include="GeneratedFiles\Debug\moc_PointSetAnnotationTool.cpp">
      <Filter>Generated Files\Debug</Filter>
    </ClCompile>
    <ClCompile Include="GeneratedFiles\Release\moc_PointSetAnnotationTool.cpp">
      <Filter>Generated Files\Release</Filter>
    </ClCompile>
    <ClCompile Include="GeneratedFiles\Debug\moc_PointSetQtAnnotation.cpp">
      <Filter>Generated Files\Debug</Filter>
    </ClCompile>
    <ClCompile Include="GeneratedFiles\Release\moc_PointSetQtAnnotation.cpp">
      <Filter>Generated Files\Release</Filter>
    </ClCompile>
    <ClCompile Include="GeneratedFiles\Debug\moc_PolyAnnotationTool.cpp">
      <Filter>Generated Files\Debug</Filter>
    </ClCompile>
    <ClCompile Include="GeneratedFiles\Release\moc_PolyAnnotationTool.cpp">
      <Filter>Generated Files\Release</Filter>
    </ClCompile>
    <ClCompile Include="GeneratedFiles\Debug\moc_PolyQtAnnotation.cpp">
      <Filter>Generated Files\Debug</Filter>
    </ClCompile>
    <ClCompile Include="GeneratedFiles\Release\moc_PolyQtAnnotation.cpp">
      <Filter>Generated Files\Release</Filter>
    </ClCompile>
    <ClCompile Include="GeneratedFiles\Debug\moc_QtAnnotation.cpp">
      <Filter>Generated Files\Debug</Filter>
    </ClCompile>
    <ClCompile Include="GeneratedFiles\Release\moc_QtAnnotation.cpp">
      <Filter>Generated Files\Release</Filter>
    </ClCompile>
    <ClCompile Include="GeneratedFiles\Debug\moc_QtAnnotationGroup.cpp">
      <Filter>Generated Files\Debug</Filter>
    </ClCompile>
    <ClCompile Include="GeneratedFiles\Release\moc_QtAnnotationGroup.cpp">
      <Filter>Generated Files\Release</Filter>
    </ClCompile>
    <ClCompile Include="GeneratedFiles\Debug\moc_SplineAnnotationTool.cpp">
      <Filter>Generated Files\Debug</Filter>
    </ClCompile>
    <ClCompile Include="GeneratedFiles\Release\moc_SplineAnnotationTool.cpp">
      <Filter>Generated Files\Release</Filter>
    </ClCompile>
    <ClCompile Include="GeneratedFiles\Debug\moc_AnnotationTool.cpp">
      <Filter>Generated Files\Debug</Filter>
    </ClCompile>
    <ClCompile Include="GeneratedFiles\Release\moc_AnnotationTool.cpp">
      <Filter>Generated Files\Release</Filter>
    </ClCompile>
    <ClCompile Include="GeneratedFiles\Debug\moc_AnnotationWorkstationExtensionPlugin.cpp">
      <Filter>Generated Files\Debug</Filter>
    </ClCompile>
    <ClCompile Include="GeneratedFiles\Release\moc_AnnotationWorkstationExtensionPlugin.cpp">
      <Filter>Generated Files\Release</Filter>
    </ClCompile>
    <ClCompile Include="GeneratedFiles\Debug\moc_DotAnnotationTool.cpp">
      <Filter>Generated Files\Debug</Filter>
    </ClCompile>
    <ClCompile Include="GeneratedFiles\Release\moc_DotAnnotationTool.cpp">
      <Filter>Generated Files\Release</Filter>
    </ClCompile>
    <ClCompile Include="GeneratedFiles\Debug\moc_DotQtAnnotation.cpp">
      <Filter>Generated Files\Debug</Filter>
    </ClCompile>
    <ClCompile Include="GeneratedFiles\Release\moc_DotQtAnnotation.cpp">
      <Filter>Generated Files\Release</Filter>
    </ClCompile>
    <ClCompile Include="AnnotationTool.cpp">
      <Filter>Source Files</Filter>
    </ClCompile>
    <ClCompile Include="AnnotationWorkstationExtensionPlugin.cpp">
      <Filter>Source Files</Filter>
    </ClCompile>
    <ClCompile Include="DotAnnotationTool.cpp">
      <Filter>Source Files</Filter>
    </ClCompile>
    <ClCompile Include="DotQtAnnotation.cpp">
      <Filter>Source Files</Filter>
    </ClCompile>
    <ClCompile Include="MeasurementAnnotationTool.cpp">
      <Filter>Source Files</Filter>
    </ClCompile>
    <ClCompile Include="MeasurementQtAnnotation.cpp">
      <Filter>Source Files</Filter>
    </ClCompile>
    <ClCompile Include="PointSetAnnotationTool.cpp">
      <Filter>Source Files</Filter>
    </ClCompile>
    <ClCompile Include="PointSetQtAnnotation.cpp">
      <Filter>Source Files</Filter>
    </ClCompile>
    <ClCompile Include="PolyAnnotationTool.cpp">
      <Filter>Source Files</Filter>
    </ClCompile>
    <ClCompile Include="PolyQtAnnotation.cpp">
      <Filter>Source Files</Filter>
    </ClCompile>
    <ClCompile Include="QtAnnotation.cpp">
      <Filter>Source Files</Filter>
    </ClCompile>
    <ClCompile Include="QtAnnotationGroup.cpp">
      <Filter>Source Files</Filter>
    </ClCompile>
    <ClCompile Include="SplineAnnotationTool.cpp">
      <Filter>Source Files</Filter>
    </ClCompile>
    <ClCompile Include="GeneratedFiles\qrc_AnnotationWorkstationExtensionPlugin_resources.cpp">
      <Filter>Generated Files</Filter>
    </ClCompile>
    <ClCompile Include="RectangleAnnotationTool.cpp">
      <Filter>Source Files</Filter>
    </ClCompile>
    <ClCompile Include="RectangleQtAnnotation.cpp">
      <Filter>Source Files</Filter>
    </ClCompile>
    <ClCompile Include="GeneratedFiles\Debug\moc_RectangleQtAnnotation.cpp">
      <Filter>Generated Files\Debug</Filter>
    </ClCompile>
    <ClCompile Include="GeneratedFiles\Release\moc_RectangleQtAnnotation.cpp">
      <Filter>Generated Files\Release</Filter>
    </ClCompile>
    <ClCompile Include="GeneratedFiles\Debug\moc_RectangleAnnotationTool.cpp">
      <Filter>Generated Files\Debug</Filter>
    </ClCompile>
    <ClCompile Include="GeneratedFiles\Release\moc_RectangleAnnotationTool.cpp">
      <Filter>Generated Files\Release</Filter>
    </ClCompile>
  </ItemGroup>
  <ItemGroup>
    <None Include="Resources\dot.png">
      <Filter>Resource Files</Filter>
    </None>
    <None Include="Resources\pointset.png">
      <Filter>Resource Files</Filter>
    </None>
    <None Include="Resources\measure.png">
      <Filter>Resource Files</Filter>
    </None>
    <None Include="Resources\poly.png">
      <Filter>Resource Files</Filter>
    </None>
    <None Include="Resources\freehand.xpm">
      <Filter>Resource Files</Filter>
    </None>
    <None Include="Resources\spline.png">
      <Filter>Resource Files</Filter>
    </None>
    <None Include="Resources\xml.xpm">
      <Filter>Resource Files</Filter>
    </None>
    <None Include="Resources\inactive_dot.xpm">
      <Filter>Resource Files</Filter>
    </None>
    <None Include="Resources\inactive_poly.xpm">
      <Filter>Resource Files</Filter>
    </None>
    <None Include="Resources\inactive_freehand.xpm">
      <Filter>Resource Files</Filter>
    </None>
    <None Include="Resources\inactive_spline.xpm">
      <Filter>Resource Files</Filter>
    </None>
  </ItemGroup>
  <ItemGroup>
    <ClInclude Include="GeneratedFiles\ui_AnnotationDockWidget_RuiJin.h">
      <Filter>Generated Files</Filter>
    </ClInclude>
    <ClInclude Include="..\..\include\annotation\TumorTypeShanghaiNo1.h">
      <Filter>Custom</Filter>
    </ClInclude>
    <ClInclude Include="..\..\include\annotation\TumorTypeDefine.h">
      <Filter>Custom</Filter>
    </ClInclude>
    <ClInclude Include="..\..\include\annotation\TumorTypeRuiJin.h">
      <Filter>Custom</Filter>
    </ClInclude>
    <ClInclude Include="GeneratedFiles\ui_AnnotationDockWidget_ShanghaiNo1.h">
      <Filter>Generated Files</Filter>
    </ClInclude>
  </ItemGroup>
</Project>