
Microsoft Visual Studio Solution File, Format Version 12.00
# Visual Studio 14
VisualStudioVersion = 14.0.25420.1
MinimumVisualStudioVersion = 10.0.40219.1
Project("{8BC9CEB8-8B4A-11D0-8D11-00A0C91BC942}") = "Annotation", "Annotation\Annotation.vcxproj", "{9AF7F4F7-5334-400B-8BE0-F713129393B3}"
	ProjectSection(ProjectDependencies) = postProject
		{EC7C4449-09A0-4617-8B56-7DBE9EC2C9A1} = {EC7C4449-09A0-4617-8B56-7DBE9EC2C9A1}
		{7844E482-A4AD-4B39-9A7A-1C9909BABB7F} = {7844E482-A4AD-4B39-9A7A-1C9909BABB7F}
	EndProjectSection
EndProject
Project("{8BC9CEB8-8B4A-11D0-8D11-00A0C91BC942}") = "Core", "Core\Core.vcxproj", "{EC7C4449-09A0-4617-8B56-7DBE9EC2C9A1}"
EndProject
Project("{2150E333-8FDC-42A3-9474-1A3956D46DE8}") = "IO", "IO", "{10D168C0-E943-48CB-BCC4-D5B5163D556E}"
EndProject
Project("{8BC9CEB8-8B4A-11D0-8D11-00A0C91BC942}") = "_MultiResolutionImageInterface", "IO\_MultiResolutionImageInterface\_MultiResolutionImageInterface.vcxproj", "{E3607B65-87D5-4763-9599-08B06EA0C3F0}"
	ProjectSection(ProjectDependencies) = postProject
		{EC7C4449-09A0-4617-8B56-7DBE9EC2C9A1} = {EC7C4449-09A0-4617-8B56-7DBE9EC2C9A1}
		{7844E482-A4AD-4B39-9A7A-1C9909BABB7F} = {7844E482-A4AD-4B39-9A7A-1C9909BABB7F}
		{9AF7F4F7-5334-400B-8BE0-F713129393B3} = {9AF7F4F7-5334-400B-8BE0-F713129393B3}
	EndProjectSection
EndProject
Project("{8BC9CEB8-8B4A-11D0-8D11-00A0C91BC942}") = "MultiResolutionImageInterface", "IO\MultiResolutionImageInterface\MultiResolutionImageInterface.vcxproj", "{7844E482-A4AD-4B39-9A7A-1C9909BABB7F}"
	ProjectSection(ProjectDependencies) = postProject
		{EC7C4449-09A0-4617-8B56-7DBE9EC2C9A1} = {EC7C4449-09A0-4617-8B56-7DBE9EC2C9A1}
	EndProjectSection
EndProject
Project("{8BC9CEB8-8B4A-11D0-8D11-00A0C91BC942}") = "OpenSlideFileFormat", "IO\OpenSlideFileFormat\OpenSlideFileFormat.vcxproj", "{27CC01AE-C4FE-4593-AF65-829707DAA7DA}"
EndProject
Project("{2150E333-8FDC-42A3-9474-1A3956D46DE8}") = "ImageProc", "ImageProc", "{1CEDE479-FA5D-4773-AEAF-CFE3F42ED671}"
EndProject
Project("{2150E333-8FDC-42A3-9474-1A3956D46DE8}") = "Plugins", "Plugins", "{CDDBF462-5FD0-407E-AB51-4C4E275524A0}"
EndProject
Project("{2150E333-8FDC-42A3-9474-1A3956D46DE8}") = "Filters", "Filters", "{C2F64A22-1D66-4F64-B635-586FF02EFE4B}"
EndProject
Project("{2150E333-8FDC-42A3-9474-1A3956D46DE8}") = "Tools", "Tools", "{5037729D-B9D9-4DE0-860A-78C0B544A9DC}"
EndProject
Project("{2150E333-8FDC-42A3-9474-1A3956D46DE8}") = "WorkStationExtensions", "WorkStationExtensions", "{3B88F495-D417-4F3E-8049-1F1E0F6B1E23}"
EndProject
Project("{8BC9CEB8-8B4A-11D0-8D11-00A0C91BC942}") = "_WholeSlideFilters", "ImgProc\_WholeSlideFilters\_WholeSlideFilters.vcxproj", "{4454173B-1664-4520-BC1D-47ECFE8D6AC4}"
	ProjectSection(ProjectDependencies) = postProject
		{6A9AC623-98D3-4F43-9806-1AC642C2E5E3} = {6A9AC623-98D3-4F43-9806-1AC642C2E5E3}
	EndProjectSection
EndProject
Project("{8BC9CEB8-8B4A-11D0-8D11-00A0C91BC942}") = "BasicFilters", "ImgProc\BasicFilters\BasicFilters.vcxproj", "{5D5BB96F-4637-44D9-830C-8D72CC2F85DF}"
	ProjectSection(ProjectDependencies) = postProject
		{EC7C4449-09A0-4617-8B56-7DBE9EC2C9A1} = {EC7C4449-09A0-4617-8B56-7DBE9EC2C9A1}
		{7844E482-A4AD-4B39-9A7A-1C9909BABB7F} = {7844E482-A4AD-4B39-9A7A-1C9909BABB7F}
	EndProjectSection
EndProject
Project("{8BC9CEB8-8B4A-11D0-8D11-00A0C91BC942}") = "NucleiSegmentation", "ImgProc\NucleiSegmentation\NucleiSegmentation.vcxproj", "{D8AA6396-1CAB-4DB6-B93E-80CCEA8D4294}"
EndProject
Project("{8BC9CEB8-8B4A-11D0-8D11-00A0C91BC942}") = "OpenCVFilters", "ImgProc\OpenCVFilters\OpenCVFilters.vcxproj", "{E8563FC4-325F-446A-8BAB-7636819329B3}"
	ProjectSection(ProjectDependencies) = postProject
		{EC7C4449-09A0-4617-8B56-7DBE9EC2C9A1} = {EC7C4449-09A0-4617-8B56-7DBE9EC2C9A1}
	EndProjectSection
EndProject
Project("{8BC9CEB8-8B4A-11D0-8D11-00A0C91BC942}") = "WholeSlideFilters", "ImgProc\WholeSlideFilters\WholeSlideFilters.vcxproj", "{6A9AC623-98D3-4F43-9806-1AC642C2E5E3}"
	ProjectSection(ProjectDependencies) = postProject
		{EC7C4449-09A0-4617-8B56-7DBE9EC2C9A1} = {EC7C4449-09A0-4617-8B56-7DBE9EC2C9A1}
		{5D5BB96F-4637-44D9-830C-8D72CC2F85DF} = {5D5BB96F-4637-44D9-830C-8D72CC2F85DF}
		{7844E482-A4AD-4B39-9A7A-1C9909BABB7F} = {7844E482-A4AD-4B39-9A7A-1C9909BABB7F}
		{D8AA6396-1CAB-4DB6-B93E-80CCEA8D4294} = {D8AA6396-1CAB-4DB6-B93E-80CCEA8D4294}
		{9AF7F4F7-5334-400B-8BE0-F713129393B3} = {9AF7F4F7-5334-400B-8BE0-F713129393B3}
	EndProjectSection
EndProject
Project("{8BC9CEB8-8B4A-11D0-8D11-00A0C91BC942}") = "ASAP", "ASAP\ASAP.vcxproj", "{B12702AD-ABFB-343A-A199-8E24837244A3}"
	ProjectSection(ProjectDependencies) = postProject
		{EC7C4449-09A0-4617-8B56-7DBE9EC2C9A1} = {EC7C4449-09A0-4617-8B56-7DBE9EC2C9A1}
		{5D5BB96F-4637-44D9-830C-8D72CC2F85DF} = {5D5BB96F-4637-44D9-830C-8D72CC2F85DF}
		{7844E482-A4AD-4B39-9A7A-1C9909BABB7F} = {7844E482-A4AD-4B39-9A7A-1C9909BABB7F}
	EndProjectSection
EndProject
Project("{8BC9CEB8-8B4A-11D0-8D11-00A0C91BC942}") = "ColorDeconvolutionFilterPlugin", "Plugins\ColorDeconvolutionFilterPlugin\ColorDeconvolutionFilterPlugin.vcxproj", "{9B82EBD7-F275-442E-8CE6-D3A22AE08820}"
	ProjectSection(ProjectDependencies) = postProject
		{EC7C4449-09A0-4617-8B56-7DBE9EC2C9A1} = {EC7C4449-09A0-4617-8B56-7DBE9EC2C9A1}
		{5D5BB96F-4637-44D9-830C-8D72CC2F85DF} = {5D5BB96F-4637-44D9-830C-8D72CC2F85DF}
		{7844E482-A4AD-4B39-9A7A-1C9909BABB7F} = {7844E482-A4AD-4B39-9A7A-1C9909BABB7F}
	EndProjectSection
EndProject
Project("{8BC9CEB8-8B4A-11D0-8D11-00A0C91BC942}") = "NucleiDetectionFilterPlugin", "Plugins\NucleiDetectionFilterPlugin\NucleiDetectionFilterPlugin.vcxproj", "{D6441A35-0AB0-45B7-ABB1-4A72EEC5430D}"
	ProjectSection(ProjectDependencies) = postProject
		{EC7C4449-09A0-4617-8B56-7DBE9EC2C9A1} = {EC7C4449-09A0-4617-8B56-7DBE9EC2C9A1}
		{5D5BB96F-4637-44D9-830C-8D72CC2F85DF} = {5D5BB96F-4637-44D9-830C-8D72CC2F85DF}
		{7844E482-A4AD-4B39-9A7A-1C9909BABB7F} = {7844E482-A4AD-4B39-9A7A-1C9909BABB7F}
		{D8AA6396-1CAB-4DB6-B93E-80CCEA8D4294} = {D8AA6396-1CAB-4DB6-B93E-80CCEA8D4294}
	EndProjectSection
EndProject
Project("{8BC9CEB8-8B4A-11D0-8D11-00A0C91BC942}") = "PanToolPlugin", "Plugins\PanToolPlugin\PanToolPlugin.vcxproj", "{05AD342E-12A3-4867-92EC-BB9BC3FC0EDE}"
	ProjectSection(ProjectDependencies) = postProject
		{B12702AD-ABFB-343A-A199-8E24837244A3} = {B12702AD-ABFB-343A-A199-8E24837244A3}
	EndProjectSection
EndProject
Project("{8BC9CEB8-8B4A-11D0-8D11-00A0C91BC942}") = "ZoomToolPlugin", "Plugins\ZoomToolPlugin\ZoomToolPlugin.vcxproj", "{0B3175AE-8431-4FD6-AFB9-0EF71C42AE18}"
	ProjectSection(ProjectDependencies) = postProject
		{B12702AD-ABFB-343A-A199-8E24837244A3} = {B12702AD-ABFB-343A-A199-8E24837244A3}
	EndProjectSection
EndProject
Project("{8BC9CEB8-8B4A-11D0-8D11-00A0C91BC942}") = "AnnotationPlugin", "Plugins\AnnotationPlugin\AnnotationPlugin.vcxproj", "{7DC379CE-A391-4A2F-AEBA-4EAFD83E752B}"
	ProjectSection(ProjectDependencies) = postProject
		{EC7C4449-09A0-4617-8B56-7DBE9EC2C9A1} = {EC7C4449-09A0-4617-8B56-7DBE9EC2C9A1}
		{7844E482-A4AD-4B39-9A7A-1C9909BABB7F} = {7844E482-A4AD-4B39-9A7A-1C9909BABB7F}
		{B12702AD-ABFB-343A-A199-8E24837244A3} = {B12702AD-ABFB-343A-A199-8E24837244A3}
		{9AF7F4F7-5334-400B-8BE0-F713129393B3} = {9AF7F4F7-5334-400B-8BE0-F713129393B3}
	EndProjectSection
EndProject
Project("{8BC9CEB8-8B4A-11D0-8D11-00A0C91BC942}") = "FilterWorkstationExtensionPlugin", "Plugins\FilterWorkstationExtensionPlugin\FilterWorkstationExtensionPlugin.vcxproj", "{98FC9646-EB27-4DA4-99C1-28882C73A3AB}"
	ProjectSection(ProjectDependencies) = postProject
		{EC7C4449-09A0-4617-8B56-7DBE9EC2C9A1} = {EC7C4449-09A0-4617-8B56-7DBE9EC2C9A1}
		{5D5BB96F-4637-44D9-830C-8D72CC2F85DF} = {5D5BB96F-4637-44D9-830C-8D72CC2F85DF}
		{7844E482-A4AD-4B39-9A7A-1C9909BABB7F} = {7844E482-A4AD-4B39-9A7A-1C9909BABB7F}
		{B12702AD-ABFB-343A-A199-8E24837244A3} = {B12702AD-ABFB-343A-A199-8E24837244A3}
	EndProjectSection
EndProject
Project("{8BC9CEB8-8B4A-11D0-8D11-00A0C91BC942}") = "VisualizationWorkstationExtensionPlugin", "Plugins\VisualizationWorkstationExtensionPlugin\VisualizationWorkstationExtensionPlugin.vcxproj", "{68C54224-F8AB-43D2-9F3C-C42B6DC638BA}"
	ProjectSection(ProjectDependencies) = postProject
		{EC7C4449-09A0-4617-8B56-7DBE9EC2C9A1} = {EC7C4449-09A0-4617-8B56-7DBE9EC2C9A1}
		{7844E482-A4AD-4B39-9A7A-1C9909BABB7F} = {7844E482-A4AD-4B39-9A7A-1C9909BABB7F}
		{B12702AD-ABFB-343A-A199-8E24837244A3} = {B12702AD-ABFB-343A-A199-8E24837244A3}
		{9AF7F4F7-5334-400B-8BE0-F713129393B3} = {9AF7F4F7-5334-400B-8BE0-F713129393B3}
	EndProjectSection
EndProject
Project("{2150E333-8FDC-42A3-9474-1A3956D46DE8}") = "Executables", "Executables", "{62BD5C73-656F-47AA-8549-3E1E95D0AF26}"
EndProject
Project("{8BC9CEB8-8B4A-11D0-8D11-00A0C91BC942}") = "DBImporter", "Executables\DBImporter\DBImporter.vcxproj", "{F943E6ED-0B19-43ED-87D3-DF4E953571D9}"
	ProjectSection(ProjectDependencies) = postProject
		{7844E482-A4AD-4B39-9A7A-1C9909BABB7F} = {7844E482-A4AD-4B39-9A7A-1C9909BABB7F}
	EndProjectSection
EndProject
Project("{8BC9CEB8-8B4A-11D0-8D11-00A0C91BC942}") = "AnnoFileStats", "Executables\AnnoFileStats\AnnoFileStats.vcxproj", "{D47DDEE9-D1B3-4FDB-AC6C-7CE0C1F4F2C4}"
	ProjectSection(ProjectDependencies) = postProject
		{9AF7F4F7-5334-400B-8BE0-F713129393B3} = {9AF7F4F7-5334-400B-8BE0-F713129393B3}
	EndProjectSection
EndProject
Project("{8BC9CEB8-8B4A-11D0-8D11-00A0C91BC942}") = "AnnoServer", "Executables\AnnoServer\AnnoServer.vcxproj", "{D414D0E4-8602-4126-B048-2EC6FC21DDAC}"
	ProjectSection(ProjectDependencies) = postProject
		{9AF7F4F7-5334-400B-8BE0-F713129393B3} = {9AF7F4F7-5334-400B-8BE0-F713129393B3}
	EndProjectSection
EndProject
Project("{8BC9CEB8-8B4A-11D0-8D11-00A0C91BC942}") = "KFBToTIFF", "Executables\KFBToTIFF\KFBToTIFF.vcxproj", "{1BE85605-0B66-40A8-AD82-CA390EFFB218}"
EndProject
Project("{8BC9CEB8-8B4A-11D0-8D11-00A0C91BC942}") = "AnnoToMask", "Executables\AnnoToMask\AnnoToMask.vcxproj", "{7AD77C9D-777F-44B5-B232-52DF7F09966F}"
	ProjectSection(ProjectDependencies) = postProject
		{7844E482-A4AD-4B39-9A7A-1C9909BABB7F} = {7844E482-A4AD-4B39-9A7A-1C9909BABB7F}
		{27CC01AE-C4FE-4593-AF65-829707DAA7DA} = {27CC01AE-C4FE-4593-AF65-829707DAA7DA}
		{9AF7F4F7-5334-400B-8BE0-F713129393B3} = {9AF7F4F7-5334-400B-8BE0-F713129393B3}
	EndProjectSection
EndProject
Global
	GlobalSection(SolutionConfigurationPlatforms) = preSolution
		Debug|Win32 = Debug|Win32
		Debug|x64 = Debug|x64
		Release|Win32 = Release|Win32
		Release|x64 = Release|x64
	EndGlobalSection
	GlobalSection(ProjectConfigurationPlatforms) = postSolution
		{9AF7F4F7-5334-400B-8BE0-F713129393B3}.Debug|Win32.ActiveCfg = Debug|Win32
		{9AF7F4F7-5334-400B-8BE0-F713129393B3}.Debug|Win32.Build.0 = Debug|Win32
		{9AF7F4F7-5334-400B-8BE0-F713129393B3}.Debug|x64.ActiveCfg = Debug|x64
		{9AF7F4F7-5334-400B-8BE0-F713129393B3}.Debug|x64.Build.0 = Debug|x64
		{9AF7F4F7-5334-400B-8BE0-F713129393B3}.Release|Win32.ActiveCfg = Release|Win32
		{9AF7F4F7-5334-400B-8BE0-F713129393B3}.Release|Win32.Build.0 = Release|Win32
		{9AF7F4F7-5334-400B-8BE0-F713129393B3}.Release|x64.ActiveCfg = Release|x64
		{9AF7F4F7-5334-400B-8BE0-F713129393B3}.Release|x64.Build.0 = Release|x64
		{EC7C4449-09A0-4617-8B56-7DBE9EC2C9A1}.Debug|Win32.ActiveCfg = Debug|Win32
		{EC7C4449-09A0-4617-8B56-7DBE9EC2C9A1}.Debug|Win32.Build.0 = Debug|Win32
		{EC7C4449-09A0-4617-8B56-7DBE9EC2C9A1}.Debug|x64.ActiveCfg = Debug|x64
		{EC7C4449-09A0-4617-8B56-7DBE9EC2C9A1}.Debug|x64.Build.0 = Debug|x64
		{EC7C4449-09A0-4617-8B56-7DBE9EC2C9A1}.Release|Win32.ActiveCfg = Release|Win32
		{EC7C4449-09A0-4617-8B56-7DBE9EC2C9A1}.Release|Win32.Build.0 = Release|Win32
		{EC7C4449-09A0-4617-8B56-7DBE9EC2C9A1}.Release|x64.ActiveCfg = Release|x64
		{EC7C4449-09A0-4617-8B56-7DBE9EC2C9A1}.Release|x64.Build.0 = Release|x64
		{E3607B65-87D5-4763-9599-08B06EA0C3F0}.Debug|Win32.ActiveCfg = Debug|x64
		{E3607B65-87D5-4763-9599-08B06EA0C3F0}.Debug|x64.ActiveCfg = Debug|x64
		{E3607B65-87D5-4763-9599-08B06EA0C3F0}.Debug|x64.Build.0 = Debug|x64
		{E3607B65-87D5-4763-9599-08B06EA0C3F0}.Release|Win32.ActiveCfg = Release|x64
		{E3607B65-87D5-4763-9599-08B06EA0C3F0}.Release|x64.ActiveCfg = Release|x64
		{E3607B65-87D5-4763-9599-08B06EA0C3F0}.Release|x64.Build.0 = Release|x64
		{7844E482-A4AD-4B39-9A7A-1C9909BABB7F}.Debug|Win32.ActiveCfg = Debug|Win32
		{7844E482-A4AD-4B39-9A7A-1C9909BABB7F}.Debug|Win32.Build.0 = Debug|Win32
		{7844E482-A4AD-4B39-9A7A-1C9909BABB7F}.Debug|x64.ActiveCfg = Debug|x64
		{7844E482-A4AD-4B39-9A7A-1C9909BABB7F}.Debug|x64.Build.0 = Debug|x64
		{7844E482-A4AD-4B39-9A7A-1C9909BABB7F}.Release|Win32.ActiveCfg = Release|Win32
		{7844E482-A4AD-4B39-9A7A-1C9909BABB7F}.Release|Win32.Build.0 = Release|Win32
		{7844E482-A4AD-4B39-9A7A-1C9909BABB7F}.Release|x64.ActiveCfg = Release|x64
		{7844E482-A4AD-4B39-9A7A-1C9909BABB7F}.Release|x64.Build.0 = Release|x64
		{27CC01AE-C4FE-4593-AF65-829707DAA7DA}.Debug|Win32.ActiveCfg = Debug|Win32
		{27CC01AE-C4FE-4593-AF65-829707DAA7DA}.Debug|Win32.Build.0 = Debug|Win32
		{27CC01AE-C4FE-4593-AF65-829707DAA7DA}.Debug|x64.ActiveCfg = Debug|x64
		{27CC01AE-C4FE-4593-AF65-829707DAA7DA}.Debug|x64.Build.0 = Debug|x64
		{27CC01AE-C4FE-4593-AF65-829707DAA7DA}.Release|Win32.ActiveCfg = Release|Win32
		{27CC01AE-C4FE-4593-AF65-829707DAA7DA}.Release|Win32.Build.0 = Release|Win32
		{27CC01AE-C4FE-4593-AF65-829707DAA7DA}.Release|x64.ActiveCfg = Release|x64
		{27CC01AE-C4FE-4593-AF65-829707DAA7DA}.Release|x64.Build.0 = Release|x64
		{4454173B-1664-4520-BC1D-47ECFE8D6AC4}.Debug|Win32.ActiveCfg = Debug|x64
		{4454173B-1664-4520-BC1D-47ECFE8D6AC4}.Debug|x64.ActiveCfg = Debug|x64
		{4454173B-1664-4520-BC1D-47ECFE8D6AC4}.Debug|x64.Build.0 = Debug|x64
		{4454173B-1664-4520-BC1D-47ECFE8D6AC4}.Release|Win32.ActiveCfg = Release|x64
		{4454173B-1664-4520-BC1D-47ECFE8D6AC4}.Release|x64.ActiveCfg = Release|x64
		{4454173B-1664-4520-BC1D-47ECFE8D6AC4}.Release|x64.Build.0 = Release|x64
		{5D5BB96F-4637-44D9-830C-8D72CC2F85DF}.Debug|Win32.ActiveCfg = Debug|Win32
		{5D5BB96F-4637-44D9-830C-8D72CC2F85DF}.Debug|Win32.Build.0 = Debug|Win32
		{5D5BB96F-4637-44D9-830C-8D72CC2F85DF}.Debug|x64.ActiveCfg = Debug|x64
		{5D5BB96F-4637-44D9-830C-8D72CC2F85DF}.Debug|x64.Build.0 = Debug|x64
		{5D5BB96F-4637-44D9-830C-8D72CC2F85DF}.Release|Win32.ActiveCfg = Release|Win32
		{5D5BB96F-4637-44D9-830C-8D72CC2F85DF}.Release|Win32.Build.0 = Release|Win32
		{5D5BB96F-4637-44D9-830C-8D72CC2F85DF}.Release|x64.ActiveCfg = Release|x64
		{5D5BB96F-4637-44D9-830C-8D72CC2F85DF}.Release|x64.Build.0 = Release|x64
		{D8AA6396-1CAB-4DB6-B93E-80CCEA8D4294}.Debug|Win32.ActiveCfg = Debug|Win32
		{D8AA6396-1CAB-4DB6-B93E-80CCEA8D4294}.Debug|Win32.Build.0 = Debug|Win32
		{D8AA6396-1CAB-4DB6-B93E-80CCEA8D4294}.Debug|x64.ActiveCfg = Debug|x64
		{D8AA6396-1CAB-4DB6-B93E-80CCEA8D4294}.Debug|x64.Build.0 = Debug|x64
		{D8AA6396-1CAB-4DB6-B93E-80CCEA8D4294}.Release|Win32.ActiveCfg = Release|Win32
		{D8AA6396-1CAB-4DB6-B93E-80CCEA8D4294}.Release|Win32.Build.0 = Release|Win32
		{D8AA6396-1CAB-4DB6-B93E-80CCEA8D4294}.Release|x64.ActiveCfg = Release|x64
		{D8AA6396-1CAB-4DB6-B93E-80CCEA8D4294}.Release|x64.Build.0 = Release|x64
		{E8563FC4-325F-446A-8BAB-7636819329B3}.Debug|Win32.ActiveCfg = Debug|Win32
		{E8563FC4-325F-446A-8BAB-7636819329B3}.Debug|Win32.Build.0 = Debug|Win32
		{E8563FC4-325F-446A-8BAB-7636819329B3}.Debug|x64.ActiveCfg = Debug|x64
		{E8563FC4-325F-446A-8BAB-7636819329B3}.Debug|x64.Build.0 = Debug|x64
		{E8563FC4-325F-446A-8BAB-7636819329B3}.Release|Win32.ActiveCfg = Release|Win32
		{E8563FC4-325F-446A-8BAB-7636819329B3}.Release|Win32.Build.0 = Release|Win32
		{E8563FC4-325F-446A-8BAB-7636819329B3}.Release|x64.ActiveCfg = Release|x64
		{E8563FC4-325F-446A-8BAB-7636819329B3}.Release|x64.Build.0 = Release|x64
		{6A9AC623-98D3-4F43-9806-1AC642C2E5E3}.Debug|Win32.ActiveCfg = Debug|Win32
		{6A9AC623-98D3-4F43-9806-1AC642C2E5E3}.Debug|Win32.Build.0 = Debug|Win32
		{6A9AC623-98D3-4F43-9806-1AC642C2E5E3}.Debug|x64.ActiveCfg = Debug|x64
		{6A9AC623-98D3-4F43-9806-1AC642C2E5E3}.Debug|x64.Build.0 = Debug|x64
		{6A9AC623-98D3-4F43-9806-1AC642C2E5E3}.Release|Win32.ActiveCfg = Release|Win32
		{6A9AC623-98D3-4F43-9806-1AC642C2E5E3}.Release|Win32.Build.0 = Release|Win32
		{6A9AC623-98D3-4F43-9806-1AC642C2E5E3}.Release|x64.ActiveCfg = Release|x64
		{6A9AC623-98D3-4F43-9806-1AC642C2E5E3}.Release|x64.Build.0 = Release|x64
		{B12702AD-ABFB-343A-A199-8E24837244A3}.Debug|Win32.ActiveCfg = Debug|Win32
		{B12702AD-ABFB-343A-A199-8E24837244A3}.Debug|Win32.Build.0 = Debug|Win32
		{B12702AD-ABFB-343A-A199-8E24837244A3}.Debug|x64.ActiveCfg = Debug|x64
		{B12702AD-ABFB-343A-A199-8E24837244A3}.Debug|x64.Build.0 = Debug|x64
		{B12702AD-ABFB-343A-A199-8E24837244A3}.Release|Win32.ActiveCfg = Release|Win32
		{B12702AD-ABFB-343A-A199-8E24837244A3}.Release|Win32.Build.0 = Release|Win32
		{B12702AD-ABFB-343A-A199-8E24837244A3}.Release|x64.ActiveCfg = Release|x64
		{B12702AD-ABFB-343A-A199-8E24837244A3}.Release|x64.Build.0 = Release|x64
		{9B82EBD7-F275-442E-8CE6-D3A22AE08820}.Debug|Win32.ActiveCfg = Debug|Win32
		{9B82EBD7-F275-442E-8CE6-D3A22AE08820}.Debug|Win32.Build.0 = Debug|Win32
		{9B82EBD7-F275-442E-8CE6-D3A22AE08820}.Debug|x64.ActiveCfg = Debug|x64
		{9B82EBD7-F275-442E-8CE6-D3A22AE08820}.Debug|x64.Build.0 = Debug|x64
		{9B82EBD7-F275-442E-8CE6-D3A22AE08820}.Release|Win32.ActiveCfg = Release|Win32
		{9B82EBD7-F275-442E-8CE6-D3A22AE08820}.Release|Win32.Build.0 = Release|Win32
		{9B82EBD7-F275-442E-8CE6-D3A22AE08820}.Release|x64.ActiveCfg = Release|x64
		{9B82EBD7-F275-442E-8CE6-D3A22AE08820}.Release|x64.Build.0 = Release|x64
		{D6441A35-0AB0-45B7-ABB1-4A72EEC5430D}.Debug|Win32.ActiveCfg = Debug|Win32
		{D6441A35-0AB0-45B7-ABB1-4A72EEC5430D}.Debug|Win32.Build.0 = Debug|Win32
		{D6441A35-0AB0-45B7-ABB1-4A72EEC5430D}.Debug|x64.ActiveCfg = Debug|x64
		{D6441A35-0AB0-45B7-ABB1-4A72EEC5430D}.Debug|x64.Build.0 = Debug|x64
		{D6441A35-0AB0-45B7-ABB1-4A72EEC5430D}.Release|Win32.ActiveCfg = Release|Win32
		{D6441A35-0AB0-45B7-ABB1-4A72EEC5430D}.Release|Win32.Build.0 = Release|Win32
		{D6441A35-0AB0-45B7-ABB1-4A72EEC5430D}.Release|x64.ActiveCfg = Release|x64
		{D6441A35-0AB0-45B7-ABB1-4A72EEC5430D}.Release|x64.Build.0 = Release|x64
		{05AD342E-12A3-4867-92EC-BB9BC3FC0EDE}.Debug|Win32.ActiveCfg = Debug|Win32
		{05AD342E-12A3-4867-92EC-BB9BC3FC0EDE}.Debug|Win32.Build.0 = Debug|Win32
		{05AD342E-12A3-4867-92EC-BB9BC3FC0EDE}.Debug|x64.ActiveCfg = Debug|x64
		{05AD342E-12A3-4867-92EC-BB9BC3FC0EDE}.Debug|x64.Build.0 = Debug|x64
		{05AD342E-12A3-4867-92EC-BB9BC3FC0EDE}.Release|Win32.ActiveCfg = Release|Win32
		{05AD342E-12A3-4867-92EC-BB9BC3FC0EDE}.Release|Win32.Build.0 = Release|Win32
		{05AD342E-12A3-4867-92EC-BB9BC3FC0EDE}.Release|x64.ActiveCfg = Release|x64
		{05AD342E-12A3-4867-92EC-BB9BC3FC0EDE}.Release|x64.Build.0 = Release|x64
		{0B3175AE-8431-4FD6-AFB9-0EF71C42AE18}.Debug|Win32.ActiveCfg = Debug|Win32
		{0B3175AE-8431-4FD6-AFB9-0EF71C42AE18}.Debug|Win32.Build.0 = Debug|Win32
		{0B3175AE-8431-4FD6-AFB9-0EF71C42AE18}.Debug|x64.ActiveCfg = Debug|x64
		{0B3175AE-8431-4FD6-AFB9-0EF71C42AE18}.Debug|x64.Build.0 = Debug|x64
		{0B3175AE-8431-4FD6-AFB9-0EF71C42AE18}.Release|Win32.ActiveCfg = Release|Win32
		{0B3175AE-8431-4FD6-AFB9-0EF71C42AE18}.Release|Win32.Build.0 = Release|Win32
		{0B3175AE-8431-4FD6-AFB9-0EF71C42AE18}.Release|x64.ActiveCfg = Release|x64
		{0B3175AE-8431-4FD6-AFB9-0EF71C42AE18}.Release|x64.Build.0 = Release|x64
		{7DC379CE-A391-4A2F-AEBA-4EAFD83E752B}.Debug|Win32.ActiveCfg = Debug|Win32
		{7DC379CE-A391-4A2F-AEBA-4EAFD83E752B}.Debug|Win32.Build.0 = Debug|Win32
		{7DC379CE-A391-4A2F-AEBA-4EAFD83E752B}.Debug|x64.ActiveCfg = Debug|x64
		{7DC379CE-A391-4A2F-AEBA-4EAFD83E752B}.Debug|x64.Build.0 = Debug|x64
		{7DC379CE-A391-4A2F-AEBA-4EAFD83E752B}.Release|Win32.ActiveCfg = Release|Win32
		{7DC379CE-A391-4A2F-AEBA-4EAFD83E752B}.Release|Win32.Build.0 = Release|Win32
		{7DC379CE-A391-4A2F-AEBA-4EAFD83E752B}.Release|x64.ActiveCfg = Release|x64
		{7DC379CE-A391-4A2F-AEBA-4EAFD83E752B}.Release|x64.Build.0 = Release|x64
		{98FC9646-EB27-4DA4-99C1-28882C73A3AB}.Debug|Win32.ActiveCfg = Debug|Win32
		{98FC9646-EB27-4DA4-99C1-28882C73A3AB}.Debug|Win32.Build.0 = Debug|Win32
		{98FC9646-EB27-4DA4-99C1-28882C73A3AB}.Debug|x64.ActiveCfg = Debug|x64
		{98FC9646-EB27-4DA4-99C1-28882C73A3AB}.Debug|x64.Build.0 = Debug|x64
		{98FC9646-EB27-4DA4-99C1-28882C73A3AB}.Release|Win32.ActiveCfg = Release|Win32
		{98FC9646-EB27-4DA4-99C1-28882C73A3AB}.Release|Win32.Build.0 = Release|Win32
		{98FC9646-EB27-4DA4-99C1-28882C73A3AB}.Release|x64.ActiveCfg = Release|x64
		{98FC9646-EB27-4DA4-99C1-28882C73A3AB}.Release|x64.Build.0 = Release|x64
		{68C54224-F8AB-43D2-9F3C-C42B6DC638BA}.Debug|Win32.ActiveCfg = Debug|Win32
		{68C54224-F8AB-43D2-9F3C-C42B6DC638BA}.Debug|Win32.Build.0 = Debug|Win32
		{68C54224-F8AB-43D2-9F3C-C42B6DC638BA}.Debug|x64.ActiveCfg = Debug|x64
		{68C54224-F8AB-43D2-9F3C-C42B6DC638BA}.Debug|x64.Build.0 = Debug|x64
		{68C54224-F8AB-43D2-9F3C-C42B6DC638BA}.Release|Win32.ActiveCfg = Release|Win32
		{68C54224-F8AB-43D2-9F3C-C42B6DC638BA}.Release|Win32.Build.0 = Release|Win32
		{68C54224-F8AB-43D2-9F3C-C42B6DC638BA}.Release|x64.ActiveCfg = Release|x64
		{68C54224-F8AB-43D2-9F3C-C42B6DC638BA}.Release|x64.Build.0 = Release|x64
		{F943E6ED-0B19-43ED-87D3-DF4E953571D9}.Debug|Win32.ActiveCfg = Debug|Win32
		{F943E6ED-0B19-43ED-87D3-DF4E953571D9}.Debug|Win32.Build.0 = Debug|Win32
		{F943E6ED-0B19-43ED-87D3-DF4E953571D9}.Debug|x64.ActiveCfg = Debug|x64
		{F943E6ED-0B19-43ED-87D3-DF4E953571D9}.Debug|x64.Build.0 = Debug|x64
		{F943E6ED-0B19-43ED-87D3-DF4E953571D9}.Release|Win32.ActiveCfg = Release|Win32
		{F943E6ED-0B19-43ED-87D3-DF4E953571D9}.Release|Win32.Build.0 = Release|Win32
		{F943E6ED-0B19-43ED-87D3-DF4E953571D9}.Release|x64.ActiveCfg = Release|x64
		{F943E6ED-0B19-43ED-87D3-DF4E953571D9}.Release|x64.Build.0 = Release|x64
		{D47DDEE9-D1B3-4FDB-AC6C-7CE0C1F4F2C4}.Debug|Win32.ActiveCfg = Debug|Win32
		{D47DDEE9-D1B3-4FDB-AC6C-7CE0C1F4F2C4}.Debug|Win32.Build.0 = Debug|Win32
		{D47DDEE9-D1B3-4FDB-AC6C-7CE0C1F4F2C4}.Debug|x64.ActiveCfg = Debug|x64
		{D47DDEE9-D1B3-4FDB-AC6C-7CE0C1F4F2C4}.Debug|x64.Build.0 = Debug|x64
		{D47DDEE9-D1B3-4FDB-AC6C-7CE0C1F4F2C4}.Release|Win32.ActiveCfg = Release|Win32
		{D47DDEE9-D1B3-4FDB-AC6C-7CE0C1F4F2C4}.Release|Win32.Build.0 = Release|Win32
		{D47DDEE9-D1B3-4FDB-AC6C-7CE0C1F4F2C4}.Release|x64.ActiveCfg = Release|x64
		{D47DDEE9-D1B3-4FDB-AC6C-7CE0C1F4F2C4}.Release|x64.Build.0 = Release|x64
		{D414D0E4-8602-4126-B048-2EC6FC21DDAC}.Debug|Win32.ActiveCfg = Debug|Win32
		{D414D0E4-8602-4126-B048-2EC6FC21DDAC}.Debug|Win32.Build.0 = Debug|Win32
		{D414D0E4-8602-4126-B048-2EC6FC21DDAC}.Debug|x64.ActiveCfg = Debug|x64
		{D414D0E4-8602-4126-B048-2EC6FC21DDAC}.Debug|x64.Build.0 = Debug|x64
		{D414D0E4-8602-4126-B048-2EC6FC21DDAC}.Release|Win32.ActiveCfg = Release|Win32
		{D414D0E4-8602-4126-B048-2EC6FC21DDAC}.Release|Win32.Build.0 = Release|Win32
		{D414D0E4-8602-4126-B048-2EC6FC21DDAC}.Release|x64.ActiveCfg = Release|x64
		{D414D0E4-8602-4126-B048-2EC6FC21DDAC}.Release|x64.Build.0 = Release|x64
		{1BE85605-0B66-40A8-AD82-CA390EFFB218}.Debug|Win32.ActiveCfg = Debug|Win32
		{1BE85605-0B66-40A8-AD82-CA390EFFB218}.Debug|Win32.Build.0 = Debug|Win32
		{1BE85605-0B66-40A8-AD82-CA390EFFB218}.Debug|x64.ActiveCfg = Debug|x64
		{1BE85605-0B66-40A8-AD82-CA390EFFB218}.Debug|x64.Build.0 = Debug|x64
		{1BE85605-0B66-40A8-AD82-CA390EFFB218}.Release|Win32.ActiveCfg = Release|Win32
		{1BE85605-0B66-40A8-AD82-CA390EFFB218}.Release|Win32.Build.0 = Release|Win32
		{1BE85605-0B66-40A8-AD82-CA390EFFB218}.Release|x64.ActiveCfg = Release|x64
		{1BE85605-0B66-40A8-AD82-CA390EFFB218}.Release|x64.Build.0 = Release|x64
		{7AD77C9D-777F-44B5-B232-52DF7F09966F}.Debug|Win32.ActiveCfg = Debug|Win32
		{7AD77C9D-777F-44B5-B232-52DF7F09966F}.Debug|Win32.Build.0 = Debug|Win32
		{7AD77C9D-777F-44B5-B232-52DF7F09966F}.Debug|x64.ActiveCfg = Debug|x64
		{7AD77C9D-777F-44B5-B232-52DF7F09966F}.Debug|x64.Build.0 = Debug|x64
		{7AD77C9D-777F-44B5-B232-52DF7F09966F}.Release|Win32.ActiveCfg = Release|Win32
		{7AD77C9D-777F-44B5-B232-52DF7F09966F}.Release|Win32.Build.0 = Release|Win32
		{7AD77C9D-777F-44B5-B232-52DF7F09966F}.Release|x64.ActiveCfg = Release|x64
		{7AD77C9D-777F-44B5-B232-52DF7F09966F}.Release|x64.Build.0 = Release|x64
	EndGlobalSection
	GlobalSection(SolutionProperties) = preSolution
		HideSolutionNode = FALSE
	EndGlobalSection
	GlobalSection(NestedProjects) = preSolution
		{E3607B65-87D5-4763-9599-08B06EA0C3F0} = {10D168C0-E943-48CB-BCC4-D5B5163D556E}
		{7844E482-A4AD-4B39-9A7A-1C9909BABB7F} = {10D168C0-E943-48CB-BCC4-D5B5163D556E}
		{27CC01AE-C4FE-4593-AF65-829707DAA7DA} = {10D168C0-E943-48CB-BCC4-D5B5163D556E}
		{C2F64A22-1D66-4F64-B635-586FF02EFE4B} = {CDDBF462-5FD0-407E-AB51-4C4E275524A0}
		{5037729D-B9D9-4DE0-860A-78C0B544A9DC} = {CDDBF462-5FD0-407E-AB51-4C4E275524A0}
		{3B88F495-D417-4F3E-8049-1F1E0F6B1E23} = {CDDBF462-5FD0-407E-AB51-4C4E275524A0}
		{4454173B-1664-4520-BC1D-47ECFE8D6AC4} = {1CEDE479-FA5D-4773-AEAF-CFE3F42ED671}
		{5D5BB96F-4637-44D9-830C-8D72CC2F85DF} = {1CEDE479-FA5D-4773-AEAF-CFE3F42ED671}
		{D8AA6396-1CAB-4DB6-B93E-80CCEA8D4294} = {1CEDE479-FA5D-4773-AEAF-CFE3F42ED671}
		{E8563FC4-325F-446A-8BAB-7636819329B3} = {1CEDE479-FA5D-4773-AEAF-CFE3F42ED671}
		{6A9AC623-98D3-4F43-9806-1AC642C2E5E3} = {1CEDE479-FA5D-4773-AEAF-CFE3F42ED671}
		{9B82EBD7-F275-442E-8CE6-D3A22AE08820} = {C2F64A22-1D66-4F64-B635-586FF02EFE4B}
		{D6441A35-0AB0-45B7-ABB1-4A72EEC5430D} = {C2F64A22-1D66-4F64-B635-586FF02EFE4B}
		{05AD342E-12A3-4867-92EC-BB9BC3FC0EDE} = {5037729D-B9D9-4DE0-860A-78C0B544A9DC}
		{0B3175AE-8431-4FD6-AFB9-0EF71C42AE18} = {5037729D-B9D9-4DE0-860A-78C0B544A9DC}
		{7DC379CE-A391-4A2F-AEBA-4EAFD83E752B} = {3B88F495-D417-4F3E-8049-1F1E0F6B1E23}
		{98FC9646-EB27-4DA4-99C1-28882C73A3AB} = {3B88F495-D417-4F3E-8049-1F1E0F6B1E23}
		{68C54224-F8AB-43D2-9F3C-C42B6DC638BA} = {3B88F495-D417-4F3E-8049-1F1E0F6B1E23}
		{F943E6ED-0B19-43ED-87D3-DF4E953571D9} = {62BD5C73-656F-47AA-8549-3E1E95D0AF26}
		{D47DDEE9-D1B3-4FDB-AC6C-7CE0C1F4F2C4} = {62BD5C73-656F-47AA-8549-3E1E95D0AF26}
		{D414D0E4-8602-4126-B048-2EC6FC21DDAC} = {62BD5C73-656F-47AA-8549-3E1E95D0AF26}
		{1BE85605-0B66-40A8-AD82-CA390EFFB218} = {62BD5C73-656F-47AA-8549-3E1E95D0AF26}
		{7AD77C9D-777F-44B5-B232-52DF7F09966F} = {62BD5C73-656F-47AA-8549-3E1E95D0AF26}
	EndGlobalSection
EndGlobal
